
Microsoft Visual Studio Solution File, Format Version 12.00
# Visual Studio Version 17
VisualStudioVersion = 17.0.31903.59
MinimumVisualStudioVersion = 10.0.40219.1
Project("{FAE04EC0-301F-11D3-BF4B-00C04F79EFBC}") = "Automatic9045.AtsEx.CityOneman", "Automatic9045.AtsEx.CityOneman\Automatic9045.AtsEx.CityOneman.csproj", "{B190A1A4-5373-4CDA-9C03-17486BB0B57C}"
EndProject
Global
	GlobalSection(SolutionConfigurationPlatforms) = preSolution
		Debug|Any CPU = Debug|Any CPU
		Release|Any CPU = Release|Any CPU
	EndGlobalSection
	GlobalSection(ProjectConfigurationPlatforms) = postSolution
		{B190A1A4-5373-4CDA-9C03-17486BB0B57C}.Debug|Any CPU.ActiveCfg = Debug|Any CPU
		{B190A1A4-5373-4CDA-9C03-17486BB0B57C}.Debug|Any CPU.Build.0 = Debug|Any CPU
		{B190A1A4-5373-4CDA-9C03-17486BB0B57C}.Release|Any CPU.ActiveCfg = Release|Any CPU
		{B190A1A4-5373-4CDA-9C03-17486BB0B57C}.Release|Any CPU.Build.0 = Release|Any CPU
	EndGlobalSection
	GlobalSection(SolutionProperties) = preSolution
		HideSolutionNode = FALSE
	EndGlobalSection
	GlobalSection(ExtensibilityGlobals) = postSolution
		SolutionGuid = {B6A6B015-DBD0-44E0-86CB-A076F67C5593}
	EndGlobalSection
EndGlobal
